// !$*UTF8*$!
{
	archiveVersion = 1;
	classes = {
	};
	objectVersion = 50;
	objects = {

/* Begin PBXBuildFile section */
		3F1E5257271DEB4F00E528AC /* AppDelegate.swift in Sources */ = {isa = PBXBuildFile; fileRef = 3F1E5256271DEB4F00E528AC /* AppDelegate.swift */; };
		3F1E5259271DEB4F00E528AC /* SceneDelegate.swift in Sources */ = {isa = PBXBuildFile; fileRef = 3F1E5258271DEB4F00E528AC /* SceneDelegate.swift */; };
		3F1E525B271DEB4F00E528AC /* ViewController.swift in Sources */ = {isa = PBXBuildFile; fileRef = 3F1E525A271DEB4F00E528AC /* ViewController.swift */; };
		3F1E525E271DEB4F00E528AC /* Main.storyboard in Resources */ = {isa = PBXBuildFile; fileRef = 3F1E525C271DEB4F00E528AC /* Main.storyboard */; };
		3F1E5260271DEB5000E528AC /* Assets.xcassets in Resources */ = {isa = PBXBuildFile; fileRef = 3F1E525F271DEB5000E528AC /* Assets.xcassets */; };
		3F1E5263271DEB5000E528AC /* LaunchScreen.storyboard in Resources */ = {isa = PBXBuildFile; fileRef = 3F1E5261271DEB5000E528AC /* LaunchScreen.storyboard */; };
		3F5210022725C0B30083D1E7 /* Refeicao.swift in Sources */ = {isa = PBXBuildFile; fileRef = 3F5210012725C0B30083D1E7 /* Refeicao.swift */; };
		3F5210042725C0FA0083D1E7 /* Item.swift in Sources */ = {isa = PBXBuildFile; fileRef = 3F5210032725C0FA0083D1E7 /* Item.swift */; };
		3FD4EFD7273039140071966C /* AdicionarItensViewController.swift in Sources */ = {isa = PBXBuildFile; fileRef = 3FD4EFD5273039140071966C /* AdicionarItensViewController.swift */; };
		3FD4EFD8273039140071966C /* AdicionarItensViewController.xib in Resources */ = {isa = PBXBuildFile; fileRef = 3FD4EFD6273039140071966C /* AdicionarItensViewController.xib */; };
		3FDCF2EC272C363600ABB3FA /* RefeicoesTableViewController.swift in Sources */ = {isa = PBXBuildFile; fileRef = 3FDCF2EB272C363500ABB3FA /* RefeicoesTableViewController.swift */; };
/* End PBXBuildFile section */

/* Begin PBXFileReference section */
		3F1E5253271DEB4F00E528AC /* swift_study.app */ = {isa = PBXFileReference; explicitFileType = wrapper.application; includeInIndex = 0; path = swift_study.app; sourceTree = BUILT_PRODUCTS_DIR; };
		3F1E5256271DEB4F00E528AC /* AppDelegate.swift */ = {isa = PBXFileReference; lastKnownFileType = sourcecode.swift; path = AppDelegate.swift; sourceTree = "<group>"; };
		3F1E5258271DEB4F00E528AC /* SceneDelegate.swift */ = {isa = PBXFileReference; lastKnownFileType = sourcecode.swift; path = SceneDelegate.swift; sourceTree = "<group>"; };
		3F1E525A271DEB4F00E528AC /* ViewController.swift */ = {isa = PBXFileReference; lastKnownFileType = sourcecode.swift; path = ViewController.swift; sourceTree = "<group>"; };
		3F1E525D271DEB4F00E528AC /* Base */ = {isa = PBXFileReference; lastKnownFileType = file.storyboard; name = Base; path = Base.lproj/Main.storyboard; sourceTree = "<group>"; };
		3F1E525F271DEB5000E528AC /* Assets.xcassets */ = {isa = PBXFileReference; lastKnownFileType = folder.assetcatalog; path = Assets.xcassets; sourceTree = "<group>"; };
		3F1E5262271DEB5000E528AC /* Base */ = {isa = PBXFileReference; lastKnownFileType = file.storyboard; name = Base; path = Base.lproj/LaunchScreen.storyboard; sourceTree = "<group>"; };
		3F1E5264271DEB5000E528AC /* Info.plist */ = {isa = PBXFileReference; lastKnownFileType = text.plist.xml; path = Info.plist; sourceTree = "<group>"; };
		3F5210002725B7560083D1E7 /* MyPlayground.playground */ = {isa = PBXFileReference; lastKnownFileType = file.playground; path = MyPlayground.playground; sourceTree = "<group>"; xcLanguageSpecificationIdentifier = xcode.lang.swift; };
		3F5210012725C0B30083D1E7 /* Refeicao.swift */ = {isa = PBXFileReference; lastKnownFileType = sourcecode.swift; path = Refeicao.swift; sourceTree = "<group>"; };
		3F5210032725C0FA0083D1E7 /* Item.swift */ = {isa = PBXFileReference; lastKnownFileType = sourcecode.swift; path = Item.swift; sourceTree = "<group>"; };
		3FD4EFD5273039140071966C /* AdicionarItensViewController.swift */ = {isa = PBXFileReference; lastKnownFileType = sourcecode.swift; path = AdicionarItensViewController.swift; sourceTree = "<group>"; };
		3FD4EFD6273039140071966C /* AdicionarItensViewController.xib */ = {isa = PBXFileReference; lastKnownFileType = file.xib; path = AdicionarItensViewController.xib; sourceTree = "<group>"; };
		3FDCF2EB272C363500ABB3FA /* RefeicoesTableViewController.swift */ = {isa = PBXFileReference; lastKnownFileType = sourcecode.swift; path = RefeicoesTableViewController.swift; sourceTree = "<group>"; };
/* End PBXFileReference section */

/* Begin PBXFrameworksBuildPhase section */
		3F1E5250271DEB4F00E528AC /* Frameworks */ = {
			isa = PBXFrameworksBuildPhase;
			buildActionMask = 2147483647;
			files = (
			);
			runOnlyForDeploymentPostprocessing = 0;
		};
/* End PBXFrameworksBuildPhase section */

/* Begin PBXGroup section */
		3F1E524A271DEB4F00E528AC = {
			isa = PBXGroup;
			children = (
				3F1E5255271DEB4F00E528AC /* swift_study */,
				3F1E5254271DEB4F00E528AC /* Products */,
			);
			sourceTree = "<group>";
		};
		3F1E5254271DEB4F00E528AC /* Products */ = {
			isa = PBXGroup;
			children = (
				3F1E5253271DEB4F00E528AC /* swift_study.app */,
			);
			name = Products;
			sourceTree = "<group>";
		};
		3F1E5255271DEB4F00E528AC /* swift_study */ = {
			isa = PBXGroup;
			children = (
				3F1E5256271DEB4F00E528AC /* AppDelegate.swift */,
				3F5210052725C1760083D1E7 /* models */,
				3F5210072725C1BB0083D1E7 /* views */,
				3F5210062725C1940083D1E7 /* controllers */,
				3F1E5258271DEB4F00E528AC /* SceneDelegate.swift */,
				3F1E525F271DEB5000E528AC /* Assets.xcassets */,
				3F1E5261271DEB5000E528AC /* LaunchScreen.storyboard */,
				3F1E5264271DEB5000E528AC /* Info.plist */,
				3F5210002725B7560083D1E7 /* MyPlayground.playground */,
			);
			path = swift_study;
			sourceTree = "<group>";
		};
		3F5210052725C1760083D1E7 /* models */ = {
			isa = PBXGroup;
			children = (
				3F5210032725C0FA0083D1E7 /* Item.swift */,
				3F5210012725C0B30083D1E7 /* Refeicao.swift */,
			);
			path = models;
			sourceTree = "<group>";
		};
		3F5210062725C1940083D1E7 /* controllers */ = {
			isa = PBXGroup;
			children = (
				3FD4EFD5273039140071966C /* AdicionarItensViewController.swift */,
				3F1E525A271DEB4F00E528AC /* ViewController.swift */,
				3FDCF2EB272C363500ABB3FA /* RefeicoesTableViewController.swift */,
			);
			path = controllers;
			sourceTree = "<group>";
		};
		3F5210072725C1BB0083D1E7 /* views */ = {
			isa = PBXGroup;
			children = (
				3F1E525C271DEB4F00E528AC /* Main.storyboard */,
				3FD4EFD6273039140071966C /* AdicionarItensViewController.xib */,
			);
			path = views;
			sourceTree = "<group>";
		};
/* End PBXGroup section */

/* Begin PBXNativeTarget section */
		3F1E5252271DEB4F00E528AC /* swift_study */ = {
			isa = PBXNativeTarget;
			buildConfigurationList = 3F1E5267271DEB5000E528AC /* Build configuration list for PBXNativeTarget "swift_study" */;
			buildPhases = (
				3F1E524F271DEB4F00E528AC /* Sources */,
				3F1E5250271DEB4F00E528AC /* Frameworks */,
				3F1E5251271DEB4F00E528AC /* Resources */,
			);
			buildRules = (
			);
			dependencies = (
			);
			name = swift_study;
			productName = swift_study;
			productReference = 3F1E5253271DEB4F00E528AC /* swift_study.app */;
			productType = "com.apple.product-type.application";
		};
/* End PBXNativeTarget section */

/* Begin PBXProject section */
		3F1E524B271DEB4F00E528AC /* Project object */ = {
			isa = PBXProject;
			attributes = {
				LastSwiftUpdateCheck = 1250;
				LastUpgradeCheck = 1250;
				TargetAttributes = {
					3F1E5252271DEB4F00E528AC = {
						CreatedOnToolsVersion = 12.5.1;
					};
				};
			};
			buildConfigurationList = 3F1E524E271DEB4F00E528AC /* Build configuration list for PBXProject "swift_study" */;
			compatibilityVersion = "Xcode 9.3";
			developmentRegion = en;
			hasScannedForEncodings = 0;
			knownRegions = (
				en,
				Base,
			);
			mainGroup = 3F1E524A271DEB4F00E528AC;
			productRefGroup = 3F1E5254271DEB4F00E528AC /* Products */;
			projectDirPath = "";
			projectRoot = "";
			targets = (
				3F1E5252271DEB4F00E528AC /* swift_study */,
			);
		};
/* End PBXProject section */

/* Begin PBXResourcesBuildPhase section */
		3F1E5251271DEB4F00E528AC /* Resources */ = {
			isa = PBXResourcesBuildPhase;
			buildActionMask = 2147483647;
			files = (
				3F1E5263271DEB5000E528AC /* LaunchScreen.storyboard in Resources */,
				3F1E5260271DEB5000E528AC /* Assets.xcassets in Resources */,
				3FD4EFD8273039140071966C /* AdicionarItensViewController.xib in Resources */,
				3F1E525E271DEB4F00E528AC /* Main.storyboard in Resources */,
			);
			runOnlyForDeploymentPostprocessing = 0;
		};
/* End PBXResourcesBuildPhase section */

/* Begin PBXSourcesBuildPhase section */
		3F1E524F271DEB4F00E528AC /* Sources */ = {
			isa = PBXSourcesBuildPhase;
			buildActionMask = 2147483647;
			files = (
				3F5210042725C0FA0083D1E7 /* Item.swift in Sources */,
				3F1E525B271DEB4F00E528AC /* ViewController.swift in Sources */,
				3FD4EFD7273039140071966C /* AdicionarItensViewController.swift in Sources */,
				3F1E5257271DEB4F00E528AC /* AppDelegate.swift in Sources */,
				3FDCF2EC272C363600ABB3FA /* RefeicoesTableViewController.swift in Sources */,
				3F1E5259271DEB4F00E528AC /* SceneDelegate.swift in Sources */,
				3F5210022725C0B30083D1E7 /* Refeicao.swift in Sources */,
			);
			runOnlyForDeploymentPostprocessing = 0;
		};
/* End PBXSourcesBuildPhase section */

/* Begin PBXVariantGroup section */
		3F1E525C271DEB4F00E528AC /* Main.storyboard */ = {
			isa = PBXVariantGroup;
			children = (
				3F1E525D271DEB4F00E528AC /* Base */,
			);
			name = Main.storyboard;
			sourceTree = "<group>";
		};
		3F1E5261271DEB5000E528AC /* LaunchScreen.storyboard */ = {
			isa = PBXVariantGroup;
			children = (
				3F1E5262271DEB5000E528AC /* Base */,
			);
			name = LaunchScreen.storyboard;
			sourceTree = "<group>";
		};
/* End PBXVariantGroup section */

/* Begin XCBuildConfiguration section */
		3F1E5265271DEB5000E528AC /* Debug */ = {
			isa = XCBuildConfiguration;
			buildSettings = {
				ALWAYS_SEARCH_USER_PATHS = NO;
				CLANG_ANALYZER_NONNULL = YES;
				CLANG_ANALYZER_NUMBER_OBJECT_CONVERSION = YES_AGGRESSIVE;
				CLANG_CXX_LANGUAGE_STANDARD = "gnu++14";
				CLANG_CXX_LIBRARY = "libc++";
				CLANG_ENABLE_MODULES = YES;
				CLANG_ENABLE_OBJC_ARC = YES;
				CLANG_ENABLE_OBJC_WEAK = YES;
				CLANG_WARN_BLOCK_CAPTURE_AUTORELEASING = YES;
				CLANG_WARN_BOOL_CONVERSION = YES;
				CLANG_WARN_COMMA = YES;
				CLANG_WARN_CONSTANT_CONVERSION = YES;
				CLANG_WARN_DEPRECATED_OBJC_IMPLEMENTATIONS = YES;
				CLANG_WARN_DIRECT_OBJC_ISA_USAGE = YES_ERROR;
				CLANG_WARN_DOCUMENTATION_COMMENTS = YES;
				CLANG_WARN_EMPTY_BODY = YES;
				CLANG_WARN_ENUM_CONVERSION = YES;
				CLANG_WARN_INFINITE_RECURSION = YES;
				CLANG_WARN_INT_CONVERSION = YES;
				CLANG_WARN_NON_LITERAL_NULL_CONVERSION = YES;
				CLANG_WARN_OBJC_IMPLICIT_RETAIN_SELF = YES;
				CLANG_WARN_OBJC_LITERAL_CONVERSION = YES;
				CLANG_WARN_OBJC_ROOT_CLASS = YES_ERROR;
				CLANG_WARN_QUOTED_INCLUDE_IN_FRAMEWORK_HEADER = YES;
				CLANG_WARN_RANGE_LOOP_ANALYSIS = YES;
				CLANG_WARN_STRICT_PROTOTYPES = YES;
				CLANG_WARN_SUSPICIOUS_MOVE = YES;
				CLANG_WARN_UNGUARDED_AVAILABILITY = YES_AGGRESSIVE;
				CLANG_WARN_UNREACHABLE_CODE = YES;
				CLANG_WARN__DUPLICATE_METHOD_MATCH = YES;
				COPY_PHASE_STRIP = NO;
				DEBUG_INFORMATION_FORMAT = dwarf;
				ENABLE_STRICT_OBJC_MSGSEND = YES;
				ENABLE_TESTABILITY = YES;
				GCC_C_LANGUAGE_STANDARD = gnu11;
				GCC_DYNAMIC_NO_PIC = NO;
				GCC_NO_COMMON_BLOCKS = YES;
				GCC_OPTIMIZATION_LEVEL = 0;
				GCC_PREPROCESSOR_DEFINITIONS = (
					"DEBUG=1",
					"$(inherited)",
				);
				GCC_WARN_64_TO_32_BIT_CONVERSION = YES;
				GCC_WARN_ABOUT_RETURN_TYPE = YES_ERROR;
				GCC_WARN_UNDECLARED_SELECTOR = YES;
				GCC_WARN_UNINITIALIZED_AUTOS = YES_AGGRESSIVE;
				GCC_WARN_UNUSED_FUNCTION = YES;
				GCC_WARN_UNUSED_VARIABLE = YES;
				IPHONEOS_DEPLOYMENT_TARGET = 14.5;
				MTL_ENABLE_DEBUG_INFO = INCLUDE_SOURCE;
				MTL_FAST_MATH = YES;
				ONLY_ACTIVE_ARCH = YES;
				SDKROOT = iphoneos;
				SWIFT_ACTIVE_COMPILATION_CONDITIONS = DEBUG;
				SWIFT_OPTIMIZATION_LEVEL = "-Onone";
			};
			name = Debug;
		};
		3F1E5266271DEB5000E528AC /* Release */ = {
			isa = XCBuildConfiguration;
			buildSettings = {
				ALWAYS_SEARCH_USER_PATHS = NO;
				CLANG_ANALYZER_NONNULL = YES;
				CLANG_ANALYZER_NUMBER_OBJECT_CONVERSION = YES_AGGRESSIVE;
				CLANG_CXX_LANGUAGE_STANDARD = "gnu++14";
				CLANG_CXX_LIBRARY = "libc++";
				CLANG_ENABLE_MODULES = YES;
				CLANG_ENABLE_OBJC_ARC = YES;
				CLANG_ENABLE_OBJC_WEAK = YES;
				CLANG_WARN_BLOCK_CAPTURE_AUTORELEASING = YES;
				CLANG_WARN_BOOL_CONVERSION = YES;
				CLANG_WARN_COMMA = YES;
				CLANG_WARN_CONSTANT_CONVERSION = YES;
				CLANG_WARN_DEPRECATED_OBJC_IMPLEMENTATIONS = YES;
				CLANG_WARN_DIRECT_OBJC_ISA_USAGE = YES_ERROR;
				CLANG_WARN_DOCUMENTATION_COMMENTS = YES;
				CLANG_WARN_EMPTY_BODY = YES;
				CLANG_WARN_ENUM_CONVERSION = YES;
				CLANG_WARN_INFINITE_RECURSION = YES;
				CLANG_WARN_INT_CONVERSION = YES;
				CLANG_WARN_NON_LITERAL_NULL_CONVERSION = YES;
				CLANG_WARN_OBJC_IMPLICIT_RETAIN_SELF = YES;
				CLANG_WARN_OBJC_LITERAL_CONVERSION = YES;
				CLANG_WARN_OBJC_ROOT_CLASS = YES_ERROR;
				CLANG_WARN_QUOTED_INCLUDE_IN_FRAMEWORK_HEADER = YES;
				CLANG_WARN_RANGE_LOOP_ANALYSIS = YES;
				CLANG_WARN_STRICT_PROTOTYPES = YES;
				CLANG_WARN_SUSPICIOUS_MOVE = YES;
				CLANG_WARN_UNGUARDED_AVAILABILITY = YES_AGGRESSIVE;
				CLANG_WARN_UNREACHABLE_CODE = YES;
				CLANG_WARN__DUPLICATE_METHOD_MATCH = YES;
				COPY_PHASE_STRIP = NO;
				DEBUG_INFORMATION_FORMAT = "dwarf-with-dsym";
				ENABLE_NS_ASSERTIONS = NO;
				ENABLE_STRICT_OBJC_MSGSEND = YES;
				GCC_C_LANGUAGE_STANDARD = gnu11;
				GCC_NO_COMMON_BLOCKS = YES;
				GCC_WARN_64_TO_32_BIT_CONVERSION = YES;
				GCC_WARN_ABOUT_RETURN_TYPE = YES_ERROR;
				GCC_WARN_UNDECLARED_SELECTOR = YES;
				GCC_WARN_UNINITIALIZED_AUTOS = YES_AGGRESSIVE;
				GCC_WARN_UNUSED_FUNCTION = YES;
				GCC_WARN_UNUSED_VARIABLE = YES;
				IPHONEOS_DEPLOYMENT_TARGET = 14.5;
				MTL_ENABLE_DEBUG_INFO = NO;
				MTL_FAST_MATH = YES;
				SDKROOT = iphoneos;
				SWIFT_COMPILATION_MODE = wholemodule;
				SWIFT_OPTIMIZATION_LEVEL = "-O";
				VALIDATE_PRODUCT = YES;
			};
			name = Release;
		};
		3F1E5268271DEB5000E528AC /* Debug */ = {
			isa = XCBuildConfiguration;
			buildSettings = {
				ASSETCATALOG_COMPILER_APPICON_NAME = AppIcon;
				ASSETCATALOG_COMPILER_GLOBAL_ACCENT_COLOR_NAME = AccentColor;
				CODE_SIGN_STYLE = Automatic;
				INFOPLIST_FILE = swift_study/Info.plist;
				LD_RUNPATH_SEARCH_PATHS = (
					"$(inherited)",
					"@executable_path/Frameworks",
				);
				PRODUCT_BUNDLE_IDENTIFIER = "br.com.sthaynny.swift-study";
				PRODUCT_NAME = "$(TARGET_NAME)";
				SWIFT_VERSION = 5.0;
				TARGETED_DEVICE_FAMILY = 1;
			};
			name = Debug;
		};
		3F1E5269271DEB5000E528AC /* Release */ = {
			isa = XCBuildConfiguration;
			buildSettings = {
				ASSETCATALOG_COMPILER_APPICON_NAME = AppIcon;
				ASSETCATALOG_COMPILER_GLOBAL_ACCENT_COLOR_NAME = AccentColor;
				CODE_SIGN_STYLE = Automatic;
				INFOPLIST_FILE = swift_study/Info.plist;
				LD_RUNPATH_SEARCH_PATHS = (
					"$(inherited)",
					"@executable_path/Frameworks",
				);
				PRODUCT_BUNDLE_IDENTIFIER = "br.com.sthaynny.swift-study";
				PRODUCT_NAME = "$(TARGET_NAME)";
				SWIFT_VERSION = 5.0;
				TARGETED_DEVICE_FAMILY = 1;
			};
			name = Release;
		};
/* End XCBuildConfiguration section */

/* Begin XCConfigurationList section */
		3F1E524E271DEB4F00E528AC /* Build configuration list for PBXProject "swift_study" */ = {
			isa = XCConfigurationList;
			buildConfigurations = (
				3F1E5265271DEB5000E528AC /* Debug */,
				3F1E5266271DEB5000E528AC /* Release */,
			);
			defaultConfigurationIsVisible = 0;
			defaultConfigurationName = Release;
		};
		3F1E5267271DEB5000E528AC /* Build configuration list for PBXNativeTarget "swift_study" */ = {
			isa = XCConfigurationList;
			buildConfigurations = (
				3F1E5268271DEB5000E528AC /* Debug */,
				3F1E5269271DEB5000E528AC /* Release */,
			);
			defaultConfigurationIsVisible = 0;
			defaultConfigurationName = Release;
		};
/* End XCConfigurationList section */
	};
	rootObject = 3F1E524B271DEB4F00E528AC /* Project object */;
}
